
Microsoft Visual Studio Solution File, Format Version 12.00
# Visual Studio 2013
VisualStudioVersion = 12.0.30723.0
MinimumVisualStudioVersion = 10.0.40219.1
Project("{FAE04EC0-301F-11D3-BF4B-00C04F79EFBC}") = "CaptchaLibrary", "CaptchaLibrary\CaptchaLibrary.csproj", "{786ED0E0-A084-4E34-A60D-F11C7D050EDC}"
EndProject
Project("{FAE04EC0-301F-11D3-BF4B-00C04F79EFBC}") = "CaptchaTest", "UnitTestProject1\CaptchaTest.csproj", "{8CEE7E38-E0ED-4DF1-8D56-86E957F504E5}"
EndProject
Global
	GlobalSection(SolutionConfigurationPlatforms) = preSolution
		Debug|Any CPU = Debug|Any CPU
		Debug|x86 = Debug|x86
		Release|Any CPU = Release|Any CPU
		Release|x86 = Release|x86
	EndGlobalSection
	GlobalSection(ProjectConfigurationPlatforms) = postSolution
		{786ED0E0-A084-4E34-A60D-F11C7D050EDC}.Debug|Any CPU.ActiveCfg = Debug|Any CPU
		{786ED0E0-A084-4E34-A60D-F11C7D050EDC}.Debug|Any CPU.Build.0 = Debug|Any CPU
		{786ED0E0-A084-4E34-A60D-F11C7D050EDC}.Debug|x86.ActiveCfg = Debug|x86
		{786ED0E0-A084-4E34-A60D-F11C7D050EDC}.Debug|x86.Build.0 = Debug|x86
		{786ED0E0-A084-4E34-A60D-F11C7D050EDC}.Release|Any CPU.ActiveCfg = Release|Any CPU
		{786ED0E0-A084-4E34-A60D-F11C7D050EDC}.Release|Any CPU.Build.0 = Release|Any CPU
		{786ED0E0-A084-4E34-A60D-F11C7D050EDC}.Release|x86.ActiveCfg = Release|x86
		{786ED0E0-A084-4E34-A60D-F11C7D050EDC}.Release|x86.Build.0 = Release|x86
		{8CEE7E38-E0ED-4DF1-8D56-86E957F504E5}.Debug|Any CPU.ActiveCfg = Debug|Any CPU
		{8CEE7E38-E0ED-4DF1-8D56-86E957F504E5}.Debug|Any CPU.Build.0 = Debug|Any CPU
		{8CEE7E38-E0ED-4DF1-8D56-86E957F504E5}.Debug|x86.ActiveCfg = Debug|Any CPU
		{8CEE7E38-E0ED-4DF1-8D56-86E957F504E5}.Release|Any CPU.ActiveCfg = Release|Any CPU
		{8CEE7E38-E0ED-4DF1-8D56-86E957F504E5}.Release|Any CPU.Build.0 = Release|Any CPU
		{8CEE7E38-E0ED-4DF1-8D56-86E957F504E5}.Release|x86.ActiveCfg = Release|Any CPU
	EndGlobalSection
	GlobalSection(SolutionProperties) = preSolution
		HideSolutionNode = FALSE
	EndGlobalSection
EndGlobal
